
Microsoft Visual Studio Solution File, Format Version 12.00
# Visual Studio Version 17
VisualStudioVersion = 17.8.34525.116
MinimumVisualStudioVersion = 10.0.40219.1
Project("{FAE04EC0-301F-11D3-BF4B-00C04F79EFBC}") = "WpfApp1", "WpfApp1\WpfApp1.csproj", "{1C8A1D63-BBD0-4C51-919E-7DB9C334C700}"
EndProject
Project("{9A19103F-16F7-4668-BE54-9A1E7A4F7556}") = "NetShare", "..\..\проекты git\NetShare-master\NetShare\NetShare.csproj", "{F03211DD-614B-424A-93AA-611F5FFD379E}"
EndProject
Project("{FAE04EC0-301F-11D3-BF4B-00C04F79EFBC}") = "WpfApp1Tests", "WpfApp1Tests\WpfApp1Tests.csproj", "{068C3273-3D91-411A-97C0-859CC6111036}"
EndProject
Global
	GlobalSection(SolutionConfigurationPlatforms) = preSolution
		Debug|Any CPU = Debug|Any CPU
		Release|Any CPU = Release|Any CPU
	EndGlobalSection
	GlobalSection(ProjectConfigurationPlatforms) = postSolution
		{1C8A1D63-BBD0-4C51-919E-7DB9C334C700}.Debug|Any CPU.ActiveCfg = Debug|Any CPU
		{1C8A1D63-BBD0-4C51-919E-7DB9C334C700}.Debug|Any CPU.Build.0 = Debug|Any CPU
		{1C8A1D63-BBD0-4C51-919E-7DB9C334C700}.Release|Any CPU.ActiveCfg = Release|Any CPU
		{1C8A1D63-BBD0-4C51-919E-7DB9C334C700}.Release|Any CPU.Build.0 = Release|Any CPU
		{F03211DD-614B-424A-93AA-611F5FFD379E}.Debug|Any CPU.ActiveCfg = Debug|Any CPU
		{F03211DD-614B-424A-93AA-611F5FFD379E}.Debug|Any CPU.Build.0 = Debug|Any CPU
		{F03211DD-614B-424A-93AA-611F5FFD379E}.Release|Any CPU.ActiveCfg = Release|Any CPU
		{F03211DD-614B-424A-93AA-611F5FFD379E}.Release|Any CPU.Build.0 = Release|Any CPU
		{068C3273-3D91-411A-97C0-859CC6111036}.Debug|Any CPU.ActiveCfg = Debug|Any CPU
		{068C3273-3D91-411A-97C0-859CC6111036}.Debug|Any CPU.Build.0 = Debug|Any CPU
		{068C3273-3D91-411A-97C0-859CC6111036}.Release|Any CPU.ActiveCfg = Release|Any CPU
		{068C3273-3D91-411A-97C0-859CC6111036}.Release|Any CPU.Build.0 = Release|Any CPU
	EndGlobalSection
	GlobalSection(SolutionProperties) = preSolution
		HideSolutionNode = FALSE
	EndGlobalSection
	GlobalSection(ExtensibilityGlobals) = postSolution
		SolutionGuid = {BCA8885D-E56E-429B-AFEB-8AADF10358E4}
	EndGlobalSection
EndGlobal
